
Microsoft Visual Studio Solution File, Format Version 12.00
# Visual Studio Version 17
VisualStudioVersion = 17.11.35312.102
MinimumVisualStudioVersion = 10.0.40219.1
Project("{FAE04EC0-301F-11D3-BF4B-00C04F79EFBC}") = "TryParse", "TryParse\TryParse.csproj", "{8DC8F319-6A41-4610-B7FB-2D2F1E6E7D13}"
EndProject
Global
	GlobalSection(SolutionConfigurationPlatforms) = preSolution
		Debug|Any CPU = Debug|Any CPU
		Release|Any CPU = Release|Any CPU
	EndGlobalSection
	GlobalSection(ProjectConfigurationPlatforms) = postSolution
		{8DC8F319-6A41-4610-B7FB-2D2F1E6E7D13}.Debug|Any CPU.ActiveCfg = Debug|Any CPU
		{8DC8F319-6A41-4610-B7FB-2D2F1E6E7D13}.Debug|Any CPU.Build.0 = Debug|Any CPU
		{8DC8F319-6A41-4610-B7FB-2D2F1E6E7D13}.Release|Any CPU.ActiveCfg = Release|Any CPU
		{8DC8F319-6A41-4610-B7FB-2D2F1E6E7D13}.Release|Any CPU.Build.0 = Release|Any CPU
	EndGlobalSection
	GlobalSection(SolutionProperties) = preSolution
		HideSolutionNode = FALSE
	EndGlobalSection
	GlobalSection(ExtensibilityGlobals) = postSolution
		SolutionGuid = {DEBE1C54-14A4-4D71-8133-E84227E78B31}
	EndGlobalSection
EndGlobal
