
Microsoft Visual Studio Solution File, Format Version 12.00
# Visual Studio Version 17
VisualStudioVersion = 17.11.35312.102
MinimumVisualStudioVersion = 10.0.40219.1
Project("{FAE04EC0-301F-11D3-BF4B-00C04F79EFBC}") = "SwitchBreak", "SwitchBreak\SwitchBreak.csproj", "{848B6E43-A4B4-4EC2-8C63-ACB6A783BD69}"
EndProject
Global
	GlobalSection(SolutionConfigurationPlatforms) = preSolution
		Debug|Any CPU = Debug|Any CPU
		Release|Any CPU = Release|Any CPU
	EndGlobalSection
	GlobalSection(ProjectConfigurationPlatforms) = postSolution
		{848B6E43-A4B4-4EC2-8C63-ACB6A783BD69}.Debug|Any CPU.ActiveCfg = Debug|Any CPU
		{848B6E43-A4B4-4EC2-8C63-ACB6A783BD69}.Debug|Any CPU.Build.0 = Debug|Any CPU
		{848B6E43-A4B4-4EC2-8C63-ACB6A783BD69}.Release|Any CPU.ActiveCfg = Release|Any CPU
		{848B6E43-A4B4-4EC2-8C63-ACB6A783BD69}.Release|Any CPU.Build.0 = Release|Any CPU
	EndGlobalSection
	GlobalSection(SolutionProperties) = preSolution
		HideSolutionNode = FALSE
	EndGlobalSection
	GlobalSection(ExtensibilityGlobals) = postSolution
		SolutionGuid = {F0FAA1FC-4806-48FF-8AED-AD9729CC1302}
	EndGlobalSection
EndGlobal
