
Microsoft Visual Studio Solution File, Format Version 12.00
# Visual Studio Version 17
VisualStudioVersion = 17.11.35312.102
MinimumVisualStudioVersion = 10.0.40219.1
Project("{FAE04EC0-301F-11D3-BF4B-00C04F79EFBC}") = "Incrementing-Decrementing", "Incrementing-Decrementing\Incrementing-Decrementing.csproj", "{5D76BDA9-C7CC-47E7-B900-A9AA282FA17E}"
EndProject
Global
	GlobalSection(SolutionConfigurationPlatforms) = preSolution
		Debug|Any CPU = Debug|Any CPU
		Release|Any CPU = Release|Any CPU
	EndGlobalSection
	GlobalSection(ProjectConfigurationPlatforms) = postSolution
		{5D76BDA9-C7CC-47E7-B900-A9AA282FA17E}.Debug|Any CPU.ActiveCfg = Debug|Any CPU
		{5D76BDA9-C7CC-47E7-B900-A9AA282FA17E}.Debug|Any CPU.Build.0 = Debug|Any CPU
		{5D76BDA9-C7CC-47E7-B900-A9AA282FA17E}.Release|Any CPU.ActiveCfg = Release|Any CPU
		{5D76BDA9-C7CC-47E7-B900-A9AA282FA17E}.Release|Any CPU.Build.0 = Release|Any CPU
	EndGlobalSection
	GlobalSection(SolutionProperties) = preSolution
		HideSolutionNode = FALSE
	EndGlobalSection
	GlobalSection(ExtensibilityGlobals) = postSolution
		SolutionGuid = {5C228303-1496-45F8-BDD6-CDFC9E380D3A}
	EndGlobalSection
EndGlobal
