
Microsoft Visual Studio Solution File, Format Version 12.00
# Visual Studio Version 17
VisualStudioVersion = 17.11.35327.3
MinimumVisualStudioVersion = 10.0.40219.1
Project("{FAE04EC0-301F-11D3-BF4B-00C04F79EFBC}") = "WeatherSimulationProject", "WeatherSimulationProject\WeatherSimulationProject.csproj", "{780828C1-7883-4386-B3E3-02B6441EABF8}"
EndProject
Global
	GlobalSection(SolutionConfigurationPlatforms) = preSolution
		Debug|Any CPU = Debug|Any CPU
		Release|Any CPU = Release|Any CPU
	EndGlobalSection
	GlobalSection(ProjectConfigurationPlatforms) = postSolution
		{780828C1-7883-4386-B3E3-02B6441EABF8}.Debug|Any CPU.ActiveCfg = Debug|Any CPU
		{780828C1-7883-4386-B3E3-02B6441EABF8}.Debug|Any CPU.Build.0 = Debug|Any CPU
		{780828C1-7883-4386-B3E3-02B6441EABF8}.Release|Any CPU.ActiveCfg = Release|Any CPU
		{780828C1-7883-4386-B3E3-02B6441EABF8}.Release|Any CPU.Build.0 = Release|Any CPU
	EndGlobalSection
	GlobalSection(SolutionProperties) = preSolution
		HideSolutionNode = FALSE
	EndGlobalSection
	GlobalSection(ExtensibilityGlobals) = postSolution
		SolutionGuid = {E5EE316D-3332-4BE5-B157-60DD6B559D44}
	EndGlobalSection
EndGlobal
