
Microsoft Visual Studio Solution File, Format Version 12.00
# Visual Studio Version 17
VisualStudioVersion = 17.11.35327.3
MinimumVisualStudioVersion = 10.0.40219.1
Project("{FAE04EC0-301F-11D3-BF4B-00C04F79EFBC}") = "QuizProject", "QuizProject\QuizProject.csproj", "{E50144F7-52EF-4F0A-B22D-4B17CEC03E95}"
EndProject
Global
	GlobalSection(SolutionConfigurationPlatforms) = preSolution
		Debug|Any CPU = Debug|Any CPU
		Release|Any CPU = Release|Any CPU
	EndGlobalSection
	GlobalSection(ProjectConfigurationPlatforms) = postSolution
		{E50144F7-52EF-4F0A-B22D-4B17CEC03E95}.Debug|Any CPU.ActiveCfg = Debug|Any CPU
		{E50144F7-52EF-4F0A-B22D-4B17CEC03E95}.Debug|Any CPU.Build.0 = Debug|Any CPU
		{E50144F7-52EF-4F0A-B22D-4B17CEC03E95}.Release|Any CPU.ActiveCfg = Release|Any CPU
		{E50144F7-52EF-4F0A-B22D-4B17CEC03E95}.Release|Any CPU.Build.0 = Release|Any CPU
	EndGlobalSection
	GlobalSection(SolutionProperties) = preSolution
		HideSolutionNode = FALSE
	EndGlobalSection
	GlobalSection(ExtensibilityGlobals) = postSolution
		SolutionGuid = {7B4A0ABB-A614-49DB-9BB8-EAAEF05AF555}
	EndGlobalSection
EndGlobal
