
Microsoft Visual Studio Solution File, Format Version 12.00
# Visual Studio Version 17
VisualStudioVersion = 17.11.35327.3
MinimumVisualStudioVersion = 10.0.40219.1
Project("{FAE04EC0-301F-11D3-BF4B-00C04F79EFBC}") = "OldStyle-Without Top level statement", "OldStyle-Without Top level statement\OldStyle-Without Top level statement.csproj", "{18C87769-E839-4296-AE09-FFC32715F2ED}"
EndProject
Global
	GlobalSection(SolutionConfigurationPlatforms) = preSolution
		Debug|Any CPU = Debug|Any CPU
		Release|Any CPU = Release|Any CPU
	EndGlobalSection
	GlobalSection(ProjectConfigurationPlatforms) = postSolution
		{18C87769-E839-4296-AE09-FFC32715F2ED}.Debug|Any CPU.ActiveCfg = Debug|Any CPU
		{18C87769-E839-4296-AE09-FFC32715F2ED}.Debug|Any CPU.Build.0 = Debug|Any CPU
		{18C87769-E839-4296-AE09-FFC32715F2ED}.Release|Any CPU.ActiveCfg = Release|Any CPU
		{18C87769-E839-4296-AE09-FFC32715F2ED}.Release|Any CPU.Build.0 = Release|Any CPU
	EndGlobalSection
	GlobalSection(SolutionProperties) = preSolution
		HideSolutionNode = FALSE
	EndGlobalSection
	GlobalSection(ExtensibilityGlobals) = postSolution
		SolutionGuid = {F35E54B7-7C5E-42BD-8B63-FC874A38BA7C}
	EndGlobalSection
EndGlobal
