
Microsoft Visual Studio Solution File, Format Version 12.00
Project("{FAE04EC0-301F-11D3-BF4B-00C04F79EFBC}") = "Do-While Loop", "Do-While Loop\Do-While Loop.csproj", "{7B51C3C1-9623-4D62-8D8D-27B8144D78F1}"
EndProject
Global
	GlobalSection(SolutionConfigurationPlatforms) = preSolution
		Debug|Any CPU = Debug|Any CPU
		Release|Any CPU = Release|Any CPU
	EndGlobalSection
	GlobalSection(ProjectConfigurationPlatforms) = postSolution
		{7B51C3C1-9623-4D62-8D8D-27B8144D78F1}.Debug|Any CPU.ActiveCfg = Debug|Any CPU
		{7B51C3C1-9623-4D62-8D8D-27B8144D78F1}.Debug|Any CPU.Build.0 = Debug|Any CPU
		{7B51C3C1-9623-4D62-8D8D-27B8144D78F1}.Release|Any CPU.ActiveCfg = Release|Any CPU
		{7B51C3C1-9623-4D62-8D8D-27B8144D78F1}.Release|Any CPU.Build.0 = Release|Any CPU
	EndGlobalSection
EndGlobal
